
Microsoft Visual Studio Solution File, Format Version 12.00
# Visual Studio Version 16
VisualStudioVersion = 16.0.29911.84
MinimumVisualStudioVersion = 10.0.40219.1
Project("{FAE04EC0-301F-11D3-BF4B-00C04F79EFBC}") = "XamFormsDemo.Android", "XamFormsDemo\XamFormsDemo.Android\XamFormsDemo.Android.csproj", "{340012F3-676F-4E6A-ADE2-4BA19B4D5B42}"
EndProject
Project("{FAE04EC0-301F-11D3-BF4B-00C04F79EFBC}") = "XamFormsDemo.iOS", "XamFormsDemo\XamFormsDemo.iOS\XamFormsDemo.iOS.csproj", "{C0A61714-3C31-43C3-83AA-8FB811C8EBAB}"
EndProject
Project("{FAE04EC0-301F-11D3-BF4B-00C04F79EFBC}") = "XamFormsDemo", "XamFormsDemo\XamFormsDemo\XamFormsDemo.csproj", "{CE4CA9E8-F74F-4699-A48C-9F93E63DF0F2}"
EndProject
Global
	GlobalSection(SolutionConfigurationPlatforms) = preSolution
		Debug|Any CPU = Debug|Any CPU
		Debug|iPhone = Debug|iPhone
		Debug|iPhoneSimulator = Debug|iPhoneSimulator
		Release|Any CPU = Release|Any CPU
		Release|iPhone = Release|iPhone
		Release|iPhoneSimulator = Release|iPhoneSimulator
	EndGlobalSection
	GlobalSection(ProjectConfigurationPlatforms) = postSolution
		{340012F3-676F-4E6A-ADE2-4BA19B4D5B42}.Debug|Any CPU.ActiveCfg = Debug|Any CPU
		{340012F3-676F-4E6A-ADE2-4BA19B4D5B42}.Debug|Any CPU.Build.0 = Debug|Any CPU
		{340012F3-676F-4E6A-ADE2-4BA19B4D5B42}.Debug|Any CPU.Deploy.0 = Debug|Any CPU
		{340012F3-676F-4E6A-ADE2-4BA19B4D5B42}.Debug|iPhone.ActiveCfg = Debug|Any CPU
		{340012F3-676F-4E6A-ADE2-4BA19B4D5B42}.Debug|iPhone.Build.0 = Debug|Any CPU
		{340012F3-676F-4E6A-ADE2-4BA19B4D5B42}.Debug|iPhone.Deploy.0 = Debug|Any CPU
		{340012F3-676F-4E6A-ADE2-4BA19B4D5B42}.Debug|iPhoneSimulator.ActiveCfg = Debug|Any CPU
		{340012F3-676F-4E6A-ADE2-4BA19B4D5B42}.Debug|iPhoneSimulator.Build.0 = Debug|Any CPU
		{340012F3-676F-4E6A-ADE2-4BA19B4D5B42}.Debug|iPhoneSimulator.Deploy.0 = Debug|Any CPU
		{340012F3-676F-4E6A-ADE2-4BA19B4D5B42}.Release|Any CPU.ActiveCfg = Release|Any CPU
		{340012F3-676F-4E6A-ADE2-4BA19B4D5B42}.Release|Any CPU.Build.0 = Release|Any CPU
		{340012F3-676F-4E6A-ADE2-4BA19B4D5B42}.Release|Any CPU.Deploy.0 = Release|Any CPU
		{340012F3-676F-4E6A-ADE2-4BA19B4D5B42}.Release|iPhone.ActiveCfg = Release|Any CPU
		{340012F3-676F-4E6A-ADE2-4BA19B4D5B42}.Release|iPhone.Build.0 = Release|Any CPU
		{340012F3-676F-4E6A-ADE2-4BA19B4D5B42}.Release|iPhone.Deploy.0 = Release|Any CPU
		{340012F3-676F-4E6A-ADE2-4BA19B4D5B42}.Release|iPhoneSimulator.ActiveCfg = Release|Any CPU
		{340012F3-676F-4E6A-ADE2-4BA19B4D5B42}.Release|iPhoneSimulator.Build.0 = Release|Any CPU
		{340012F3-676F-4E6A-ADE2-4BA19B4D5B42}.Release|iPhoneSimulator.Deploy.0 = Release|Any CPU
		{C0A61714-3C31-43C3-83AA-8FB811C8EBAB}.Debug|Any CPU.ActiveCfg = Debug|iPhone
		{C0A61714-3C31-43C3-83AA-8FB811C8EBAB}.Debug|Any CPU.Build.0 = Debug|iPhone
		{C0A61714-3C31-43C3-83AA-8FB811C8EBAB}.Debug|Any CPU.Deploy.0 = Debug|iPhone
		{C0A61714-3C31-43C3-83AA-8FB811C8EBAB}.Debug|iPhone.ActiveCfg = Debug|iPhone
		{C0A61714-3C31-43C3-83AA-8FB811C8EBAB}.Debug|iPhone.Build.0 = Debug|iPhone
		{C0A61714-3C31-43C3-83AA-8FB811C8EBAB}.Debug|iPhone.Deploy.0 = Debug|iPhone
		{C0A61714-3C31-43C3-83AA-8FB811C8EBAB}.Debug|iPhoneSimulator.ActiveCfg = Debug|iPhoneSimulator
		{C0A61714-3C31-43C3-83AA-8FB811C8EBAB}.Debug|iPhoneSimulator.Build.0 = Debug|iPhoneSimulator
		{C0A61714-3C31-43C3-83AA-8FB811C8EBAB}.Debug|iPhoneSimulator.Deploy.0 = Debug|iPhoneSimulator
		{C0A61714-3C31-43C3-83AA-8FB811C8EBAB}.Release|Any CPU.ActiveCfg = Release|iPhone
		{C0A61714-3C31-43C3-83AA-8FB811C8EBAB}.Release|Any CPU.Build.0 = Release|iPhone
		{C0A61714-3C31-43C3-83AA-8FB811C8EBAB}.Release|Any CPU.Deploy.0 = Release|iPhone
		{C0A61714-3C31-43C3-83AA-8FB811C8EBAB}.Release|iPhone.ActiveCfg = Release|iPhone
		{C0A61714-3C31-43C3-83AA-8FB811C8EBAB}.Release|iPhone.Build.0 = Release|iPhone
		{C0A61714-3C31-43C3-83AA-8FB811C8EBAB}.Release|iPhone.Deploy.0 = Release|iPhone
		{C0A61714-3C31-43C3-83AA-8FB811C8EBAB}.Release|iPhoneSimulator.ActiveCfg = Release|iPhoneSimulator
		{C0A61714-3C31-43C3-83AA-8FB811C8EBAB}.Release|iPhoneSimulator.Build.0 = Release|iPhoneSimulator
		{C0A61714-3C31-43C3-83AA-8FB811C8EBAB}.Release|iPhoneSimulator.Deploy.0 = Release|iPhoneSimulator
		{CE4CA9E8-F74F-4699-A48C-9F93E63DF0F2}.Debug|Any CPU.ActiveCfg = Debug|Any CPU
		{CE4CA9E8-F74F-4699-A48C-9F93E63DF0F2}.Debug|Any CPU.Build.0 = Debug|Any CPU
		{CE4CA9E8-F74F-4699-A48C-9F93E63DF0F2}.Debug|Any CPU.Deploy.0 = Debug|Any CPU
		{CE4CA9E8-F74F-4699-A48C-9F93E63DF0F2}.Debug|iPhone.ActiveCfg = Debug|Any CPU
		{CE4CA9E8-F74F-4699-A48C-9F93E63DF0F2}.Debug|iPhone.Build.0 = Debug|Any CPU
		{CE4CA9E8-F74F-4699-A48C-9F93E63DF0F2}.Debug|iPhone.Deploy.0 = Debug|Any CPU
		{CE4CA9E8-F74F-4699-A48C-9F93E63DF0F2}.Debug|iPhoneSimulator.ActiveCfg = Debug|Any CPU
		{CE4CA9E8-F74F-4699-A48C-9F93E63DF0F2}.Debug|iPhoneSimulator.Build.0 = Debug|Any CPU
		{CE4CA9E8-F74F-4699-A48C-9F93E63DF0F2}.Debug|iPhoneSimulator.Deploy.0 = Debug|Any CPU
		{CE4CA9E8-F74F-4699-A48C-9F93E63DF0F2}.Release|Any CPU.ActiveCfg = Release|Any CPU
		{CE4CA9E8-F74F-4699-A48C-9F93E63DF0F2}.Release|Any CPU.Build.0 = Release|Any CPU
		{CE4CA9E8-F74F-4699-A48C-9F93E63DF0F2}.Release|Any CPU.Deploy.0 = Release|Any CPU
		{CE4CA9E8-F74F-4699-A48C-9F93E63DF0F2}.Release|iPhone.ActiveCfg = Release|Any CPU
		{CE4CA9E8-F74F-4699-A48C-9F93E63DF0F2}.Release|iPhone.Build.0 = Release|Any CPU
		{CE4CA9E8-F74F-4699-A48C-9F93E63DF0F2}.Release|iPhone.Deploy.0 = Release|Any CPU
		{CE4CA9E8-F74F-4699-A48C-9F93E63DF0F2}.Release|iPhoneSimulator.ActiveCfg = Release|Any CPU
		{CE4CA9E8-F74F-4699-A48C-9F93E63DF0F2}.Release|iPhoneSimulator.Build.0 = Release|Any CPU
		{CE4CA9E8-F74F-4699-A48C-9F93E63DF0F2}.Release|iPhoneSimulator.Deploy.0 = Release|Any CPU
	EndGlobalSection
	GlobalSection(SolutionProperties) = preSolution
		HideSolutionNode = FALSE
	EndGlobalSection
	GlobalSection(ExtensibilityGlobals) = postSolution
		SolutionGuid = {3A5A86E5-49BD-4218-A775-55CFE03542C6}
	EndGlobalSection
EndGlobal
