
Microsoft Visual Studio Solution File, Format Version 12.00
# Visual Studio Version 16
VisualStudioVersion = 16.0.30320.27
MinimumVisualStudioVersion = 10.0.40219.1
Project("{9A19103F-16F7-4668-BE54-9A1E7A4F7556}") = "CprCheck_Test", "CprCheck_Test\CprCheck_Test.csproj", "{30D6CB01-B758-467F-BA83-8DC269D3FD6B}"
EndProject
Project("{9A19103F-16F7-4668-BE54-9A1E7A4F7556}") = "CPRValidater", "CPRValidater\CPRValidater.csproj", "{BBD9BCB9-BFC2-41B5-AA41-13219C13C2EC}"
EndProject
Project("{9A19103F-16F7-4668-BE54-9A1E7A4F7556}") = "CPRValidaterShared", "CPRValidaterShared\CPRValidaterShared.csproj", "{3C82B6A2-A54F-4C9B-A7A5-367EFD05545E}"
EndProject
Project("{9A19103F-16F7-4668-BE54-9A1E7A4F7556}") = "CprDLLShared", "..\CprDLLShared\CprDLLShared.csproj", "{5C3AB4C3-9C3E-4788-AA91-F49D749A86F6}"
EndProject
Global
	GlobalSection(SolutionConfigurationPlatforms) = preSolution
		Debug|Any CPU = Debug|Any CPU
		Release|Any CPU = Release|Any CPU
	EndGlobalSection
	GlobalSection(ProjectConfigurationPlatforms) = postSolution
		{30D6CB01-B758-467F-BA83-8DC269D3FD6B}.Debug|Any CPU.ActiveCfg = Debug|Any CPU
		{30D6CB01-B758-467F-BA83-8DC269D3FD6B}.Debug|Any CPU.Build.0 = Debug|Any CPU
		{30D6CB01-B758-467F-BA83-8DC269D3FD6B}.Release|Any CPU.ActiveCfg = Release|Any CPU
		{30D6CB01-B758-467F-BA83-8DC269D3FD6B}.Release|Any CPU.Build.0 = Release|Any CPU
		{BBD9BCB9-BFC2-41B5-AA41-13219C13C2EC}.Debug|Any CPU.ActiveCfg = Debug|Any CPU
		{BBD9BCB9-BFC2-41B5-AA41-13219C13C2EC}.Debug|Any CPU.Build.0 = Debug|Any CPU
		{BBD9BCB9-BFC2-41B5-AA41-13219C13C2EC}.Release|Any CPU.ActiveCfg = Release|Any CPU
		{BBD9BCB9-BFC2-41B5-AA41-13219C13C2EC}.Release|Any CPU.Build.0 = Release|Any CPU
		{3C82B6A2-A54F-4C9B-A7A5-367EFD05545E}.Debug|Any CPU.ActiveCfg = Debug|Any CPU
		{3C82B6A2-A54F-4C9B-A7A5-367EFD05545E}.Debug|Any CPU.Build.0 = Debug|Any CPU
		{3C82B6A2-A54F-4C9B-A7A5-367EFD05545E}.Release|Any CPU.ActiveCfg = Release|Any CPU
		{3C82B6A2-A54F-4C9B-A7A5-367EFD05545E}.Release|Any CPU.Build.0 = Release|Any CPU
		{5C3AB4C3-9C3E-4788-AA91-F49D749A86F6}.Debug|Any CPU.ActiveCfg = Debug|Any CPU
		{5C3AB4C3-9C3E-4788-AA91-F49D749A86F6}.Debug|Any CPU.Build.0 = Debug|Any CPU
		{5C3AB4C3-9C3E-4788-AA91-F49D749A86F6}.Release|Any CPU.ActiveCfg = Release|Any CPU
		{5C3AB4C3-9C3E-4788-AA91-F49D749A86F6}.Release|Any CPU.Build.0 = Release|Any CPU
	EndGlobalSection
	GlobalSection(SolutionProperties) = preSolution
		HideSolutionNode = FALSE
	EndGlobalSection
	GlobalSection(ExtensibilityGlobals) = postSolution
		SolutionGuid = {68471167-E3D2-4E31-8DA9-388DEB975780}
	EndGlobalSection
EndGlobal
