
Microsoft Visual Studio Solution File, Format Version 12.00
# Visual Studio Version 16
VisualStudioVersion = 16.0.30128.74
MinimumVisualStudioVersion = 10.0.40219.1
Project("{9A19103F-16F7-4668-BE54-9A1E7A4F7556}") = "PrismDemo", "PrismDemo\PrismDemo.csproj", "{74074481-B4B3-4001-B774-167EEC12763E}"
EndProject
Project("{9A19103F-16F7-4668-BE54-9A1E7A4F7556}") = "DependencyInjection", "..\..\Spoergsmaal_FIRE\DependencyInjection\DependencyInjection\DependencyInjection.csproj", "{BE7A9108-C3EA-4C6E-B516-A7364D202083}"
EndProject
Project("{2150E333-8FDC-42A3-9474-1A3956D46DE8}") = "FIRE_MEF", "FIRE_MEF", "{6A2C4436-19E8-4CCE-BA30-AA97FC5F6DDC}"
EndProject
Project("{2150E333-8FDC-42A3-9474-1A3956D46DE8}") = "FEM_Prism", "FEM_Prism", "{FCAFE4E0-98A7-4E1F-909F-890F0DBE8852}"
EndProject
Project("{FAE04EC0-301F-11D3-BF4B-00C04F79EFBC}") = "WindowsService", "..\..\Spoergsmaal_NI\WindowsService\WindowsService.csproj", "{E079DFF7-FC6D-47F4-9396-C08CBA06A0AE}"
EndProject
Project("{2150E333-8FDC-42A3-9474-1A3956D46DE8}") = "NI_Service", "NI_Service", "{2F852BD0-C1BF-4FDE-B04C-C4A489A90C85}"
EndProject
Project("{2150E333-8FDC-42A3-9474-1A3956D46DE8}") = "TO_DLL_TO", "TO_DLL_TO", "{D6E7A592-F646-42B3-A3B2-E0DB073CCE3C}"
EndProject
Project("{8BC9CEB8-8B4A-11D0-8D11-00A0C91BC942}") = "MathLibrary", "..\..\..\..\..\..\source\repos\MathLibrary\MathLibrary.vcxproj", "{656FAAE2-6B64-4392-B4D0-653BC335CEC0}"
EndProject
Project("{8BC9CEB8-8B4A-11D0-8D11-00A0C91BC942}") = "MathClient", "..\..\..\..\..\..\source\repos\MathClient\MathClient\MathClient.vcxproj", "{520B4E21-FA24-4180-A842-B36467057850}"
EndProject
Project("{FAE04EC0-301F-11D3-BF4B-00C04F79EFBC}") = "PrismDemo1", "..\PrismDemo1\PrismDemo1.csproj", "{B75B90FC-3B3C-4A39-BA96-A91DBD8D0DFC}"
EndProject
Project("{FAE04EC0-301F-11D3-BF4B-00C04F79EFBC}") = "PeopleModule", "..\PeopleModule\PeopleModule.csproj", "{77846AF1-579F-4AE1-A1F9-FFEA7ED3A37B}"
EndProject
Project("{FAE04EC0-301F-11D3-BF4B-00C04F79EFBC}") = "LocationModule", "..\LocationModule\LocationModule.csproj", "{9E2C2C8B-AB1E-4DBC-AB0E-00D0B9ADC210}"
EndProject
Project("{2150E333-8FDC-42A3-9474-1A3956D46DE8}") = "Modules", "Modules", "{5FA16645-1996-4A52-8EB2-87C74C442475}"
EndProject
Global
	GlobalSection(SolutionConfigurationPlatforms) = preSolution
		Debug|Any CPU = Debug|Any CPU
		Debug|x64 = Debug|x64
		Debug|x86 = Debug|x86
		Release|Any CPU = Release|Any CPU
		Release|x64 = Release|x64
		Release|x86 = Release|x86
	EndGlobalSection
	GlobalSection(ProjectConfigurationPlatforms) = postSolution
		{74074481-B4B3-4001-B774-167EEC12763E}.Debug|Any CPU.ActiveCfg = Debug|Any CPU
		{74074481-B4B3-4001-B774-167EEC12763E}.Debug|Any CPU.Build.0 = Debug|Any CPU
		{74074481-B4B3-4001-B774-167EEC12763E}.Debug|x64.ActiveCfg = Debug|Any CPU
		{74074481-B4B3-4001-B774-167EEC12763E}.Debug|x64.Build.0 = Debug|Any CPU
		{74074481-B4B3-4001-B774-167EEC12763E}.Debug|x86.ActiveCfg = Debug|Any CPU
		{74074481-B4B3-4001-B774-167EEC12763E}.Debug|x86.Build.0 = Debug|Any CPU
		{74074481-B4B3-4001-B774-167EEC12763E}.Release|Any CPU.ActiveCfg = Release|Any CPU
		{74074481-B4B3-4001-B774-167EEC12763E}.Release|Any CPU.Build.0 = Release|Any CPU
		{74074481-B4B3-4001-B774-167EEC12763E}.Release|x64.ActiveCfg = Release|Any CPU
		{74074481-B4B3-4001-B774-167EEC12763E}.Release|x64.Build.0 = Release|Any CPU
		{74074481-B4B3-4001-B774-167EEC12763E}.Release|x86.ActiveCfg = Release|Any CPU
		{74074481-B4B3-4001-B774-167EEC12763E}.Release|x86.Build.0 = Release|Any CPU
		{BE7A9108-C3EA-4C6E-B516-A7364D202083}.Debug|Any CPU.ActiveCfg = Debug|Any CPU
		{BE7A9108-C3EA-4C6E-B516-A7364D202083}.Debug|Any CPU.Build.0 = Debug|Any CPU
		{BE7A9108-C3EA-4C6E-B516-A7364D202083}.Debug|x64.ActiveCfg = Debug|Any CPU
		{BE7A9108-C3EA-4C6E-B516-A7364D202083}.Debug|x64.Build.0 = Debug|Any CPU
		{BE7A9108-C3EA-4C6E-B516-A7364D202083}.Debug|x86.ActiveCfg = Debug|Any CPU
		{BE7A9108-C3EA-4C6E-B516-A7364D202083}.Debug|x86.Build.0 = Debug|Any CPU
		{BE7A9108-C3EA-4C6E-B516-A7364D202083}.Release|Any CPU.ActiveCfg = Release|Any CPU
		{BE7A9108-C3EA-4C6E-B516-A7364D202083}.Release|Any CPU.Build.0 = Release|Any CPU
		{BE7A9108-C3EA-4C6E-B516-A7364D202083}.Release|x64.ActiveCfg = Release|Any CPU
		{BE7A9108-C3EA-4C6E-B516-A7364D202083}.Release|x64.Build.0 = Release|Any CPU
		{BE7A9108-C3EA-4C6E-B516-A7364D202083}.Release|x86.ActiveCfg = Release|Any CPU
		{BE7A9108-C3EA-4C6E-B516-A7364D202083}.Release|x86.Build.0 = Release|Any CPU
		{E079DFF7-FC6D-47F4-9396-C08CBA06A0AE}.Debug|Any CPU.ActiveCfg = Debug|Any CPU
		{E079DFF7-FC6D-47F4-9396-C08CBA06A0AE}.Debug|Any CPU.Build.0 = Debug|Any CPU
		{E079DFF7-FC6D-47F4-9396-C08CBA06A0AE}.Debug|x64.ActiveCfg = Debug|Any CPU
		{E079DFF7-FC6D-47F4-9396-C08CBA06A0AE}.Debug|x64.Build.0 = Debug|Any CPU
		{E079DFF7-FC6D-47F4-9396-C08CBA06A0AE}.Debug|x86.ActiveCfg = Debug|Any CPU
		{E079DFF7-FC6D-47F4-9396-C08CBA06A0AE}.Debug|x86.Build.0 = Debug|Any CPU
		{E079DFF7-FC6D-47F4-9396-C08CBA06A0AE}.Release|Any CPU.ActiveCfg = Release|Any CPU
		{E079DFF7-FC6D-47F4-9396-C08CBA06A0AE}.Release|Any CPU.Build.0 = Release|Any CPU
		{E079DFF7-FC6D-47F4-9396-C08CBA06A0AE}.Release|x64.ActiveCfg = Release|Any CPU
		{E079DFF7-FC6D-47F4-9396-C08CBA06A0AE}.Release|x64.Build.0 = Release|Any CPU
		{E079DFF7-FC6D-47F4-9396-C08CBA06A0AE}.Release|x86.ActiveCfg = Release|Any CPU
		{E079DFF7-FC6D-47F4-9396-C08CBA06A0AE}.Release|x86.Build.0 = Release|Any CPU
		{656FAAE2-6B64-4392-B4D0-653BC335CEC0}.Debug|Any CPU.ActiveCfg = Debug|Win32
		{656FAAE2-6B64-4392-B4D0-653BC335CEC0}.Debug|x64.ActiveCfg = Debug|x64
		{656FAAE2-6B64-4392-B4D0-653BC335CEC0}.Debug|x64.Build.0 = Debug|x64
		{656FAAE2-6B64-4392-B4D0-653BC335CEC0}.Debug|x86.ActiveCfg = Debug|Win32
		{656FAAE2-6B64-4392-B4D0-653BC335CEC0}.Debug|x86.Build.0 = Debug|Win32
		{656FAAE2-6B64-4392-B4D0-653BC335CEC0}.Release|Any CPU.ActiveCfg = Release|Win32
		{656FAAE2-6B64-4392-B4D0-653BC335CEC0}.Release|x64.ActiveCfg = Release|x64
		{656FAAE2-6B64-4392-B4D0-653BC335CEC0}.Release|x64.Build.0 = Release|x64
		{656FAAE2-6B64-4392-B4D0-653BC335CEC0}.Release|x86.ActiveCfg = Release|Win32
		{656FAAE2-6B64-4392-B4D0-653BC335CEC0}.Release|x86.Build.0 = Release|Win32
		{520B4E21-FA24-4180-A842-B36467057850}.Debug|Any CPU.ActiveCfg = Debug|Win32
		{520B4E21-FA24-4180-A842-B36467057850}.Debug|x64.ActiveCfg = Debug|x64
		{520B4E21-FA24-4180-A842-B36467057850}.Debug|x64.Build.0 = Debug|x64
		{520B4E21-FA24-4180-A842-B36467057850}.Debug|x86.ActiveCfg = Debug|Win32
		{520B4E21-FA24-4180-A842-B36467057850}.Debug|x86.Build.0 = Debug|Win32
		{520B4E21-FA24-4180-A842-B36467057850}.Release|Any CPU.ActiveCfg = Release|Win32
		{520B4E21-FA24-4180-A842-B36467057850}.Release|x64.ActiveCfg = Release|x64
		{520B4E21-FA24-4180-A842-B36467057850}.Release|x64.Build.0 = Release|x64
		{520B4E21-FA24-4180-A842-B36467057850}.Release|x86.ActiveCfg = Release|Win32
		{520B4E21-FA24-4180-A842-B36467057850}.Release|x86.Build.0 = Release|Win32
		{B75B90FC-3B3C-4A39-BA96-A91DBD8D0DFC}.Debug|Any CPU.ActiveCfg = Debug|Any CPU
		{B75B90FC-3B3C-4A39-BA96-A91DBD8D0DFC}.Debug|Any CPU.Build.0 = Debug|Any CPU
		{B75B90FC-3B3C-4A39-BA96-A91DBD8D0DFC}.Debug|x64.ActiveCfg = Debug|Any CPU
		{B75B90FC-3B3C-4A39-BA96-A91DBD8D0DFC}.Debug|x64.Build.0 = Debug|Any CPU
		{B75B90FC-3B3C-4A39-BA96-A91DBD8D0DFC}.Debug|x86.ActiveCfg = Debug|Any CPU
		{B75B90FC-3B3C-4A39-BA96-A91DBD8D0DFC}.Debug|x86.Build.0 = Debug|Any CPU
		{B75B90FC-3B3C-4A39-BA96-A91DBD8D0DFC}.Release|Any CPU.ActiveCfg = Release|Any CPU
		{B75B90FC-3B3C-4A39-BA96-A91DBD8D0DFC}.Release|Any CPU.Build.0 = Release|Any CPU
		{B75B90FC-3B3C-4A39-BA96-A91DBD8D0DFC}.Release|x64.ActiveCfg = Release|Any CPU
		{B75B90FC-3B3C-4A39-BA96-A91DBD8D0DFC}.Release|x64.Build.0 = Release|Any CPU
		{B75B90FC-3B3C-4A39-BA96-A91DBD8D0DFC}.Release|x86.ActiveCfg = Release|Any CPU
		{B75B90FC-3B3C-4A39-BA96-A91DBD8D0DFC}.Release|x86.Build.0 = Release|Any CPU
		{77846AF1-579F-4AE1-A1F9-FFEA7ED3A37B}.Debug|Any CPU.ActiveCfg = Debug|Any CPU
		{77846AF1-579F-4AE1-A1F9-FFEA7ED3A37B}.Debug|Any CPU.Build.0 = Debug|Any CPU
		{77846AF1-579F-4AE1-A1F9-FFEA7ED3A37B}.Debug|x64.ActiveCfg = Debug|Any CPU
		{77846AF1-579F-4AE1-A1F9-FFEA7ED3A37B}.Debug|x64.Build.0 = Debug|Any CPU
		{77846AF1-579F-4AE1-A1F9-FFEA7ED3A37B}.Debug|x86.ActiveCfg = Debug|Any CPU
		{77846AF1-579F-4AE1-A1F9-FFEA7ED3A37B}.Debug|x86.Build.0 = Debug|Any CPU
		{77846AF1-579F-4AE1-A1F9-FFEA7ED3A37B}.Release|Any CPU.ActiveCfg = Release|Any CPU
		{77846AF1-579F-4AE1-A1F9-FFEA7ED3A37B}.Release|Any CPU.Build.0 = Release|Any CPU
		{77846AF1-579F-4AE1-A1F9-FFEA7ED3A37B}.Release|x64.ActiveCfg = Release|Any CPU
		{77846AF1-579F-4AE1-A1F9-FFEA7ED3A37B}.Release|x64.Build.0 = Release|Any CPU
		{77846AF1-579F-4AE1-A1F9-FFEA7ED3A37B}.Release|x86.ActiveCfg = Release|Any CPU
		{77846AF1-579F-4AE1-A1F9-FFEA7ED3A37B}.Release|x86.Build.0 = Release|Any CPU
		{9E2C2C8B-AB1E-4DBC-AB0E-00D0B9ADC210}.Debug|Any CPU.ActiveCfg = Debug|Any CPU
		{9E2C2C8B-AB1E-4DBC-AB0E-00D0B9ADC210}.Debug|Any CPU.Build.0 = Debug|Any CPU
		{9E2C2C8B-AB1E-4DBC-AB0E-00D0B9ADC210}.Debug|x64.ActiveCfg = Debug|Any CPU
		{9E2C2C8B-AB1E-4DBC-AB0E-00D0B9ADC210}.Debug|x64.Build.0 = Debug|Any CPU
		{9E2C2C8B-AB1E-4DBC-AB0E-00D0B9ADC210}.Debug|x86.ActiveCfg = Debug|Any CPU
		{9E2C2C8B-AB1E-4DBC-AB0E-00D0B9ADC210}.Debug|x86.Build.0 = Debug|Any CPU
		{9E2C2C8B-AB1E-4DBC-AB0E-00D0B9ADC210}.Release|Any CPU.ActiveCfg = Release|Any CPU
		{9E2C2C8B-AB1E-4DBC-AB0E-00D0B9ADC210}.Release|Any CPU.Build.0 = Release|Any CPU
		{9E2C2C8B-AB1E-4DBC-AB0E-00D0B9ADC210}.Release|x64.ActiveCfg = Release|Any CPU
		{9E2C2C8B-AB1E-4DBC-AB0E-00D0B9ADC210}.Release|x64.Build.0 = Release|Any CPU
		{9E2C2C8B-AB1E-4DBC-AB0E-00D0B9ADC210}.Release|x86.ActiveCfg = Release|Any CPU
		{9E2C2C8B-AB1E-4DBC-AB0E-00D0B9ADC210}.Release|x86.Build.0 = Release|Any CPU
	EndGlobalSection
	GlobalSection(SolutionProperties) = preSolution
		HideSolutionNode = FALSE
	EndGlobalSection
	GlobalSection(NestedProjects) = preSolution
		{74074481-B4B3-4001-B774-167EEC12763E} = {FCAFE4E0-98A7-4E1F-909F-890F0DBE8852}
		{BE7A9108-C3EA-4C6E-B516-A7364D202083} = {6A2C4436-19E8-4CCE-BA30-AA97FC5F6DDC}
		{E079DFF7-FC6D-47F4-9396-C08CBA06A0AE} = {2F852BD0-C1BF-4FDE-B04C-C4A489A90C85}
		{656FAAE2-6B64-4392-B4D0-653BC335CEC0} = {D6E7A592-F646-42B3-A3B2-E0DB073CCE3C}
		{520B4E21-FA24-4180-A842-B36467057850} = {D6E7A592-F646-42B3-A3B2-E0DB073CCE3C}
		{B75B90FC-3B3C-4A39-BA96-A91DBD8D0DFC} = {FCAFE4E0-98A7-4E1F-909F-890F0DBE8852}
		{77846AF1-579F-4AE1-A1F9-FFEA7ED3A37B} = {5FA16645-1996-4A52-8EB2-87C74C442475}
		{9E2C2C8B-AB1E-4DBC-AB0E-00D0B9ADC210} = {5FA16645-1996-4A52-8EB2-87C74C442475}
		{5FA16645-1996-4A52-8EB2-87C74C442475} = {FCAFE4E0-98A7-4E1F-909F-890F0DBE8852}
	EndGlobalSection
	GlobalSection(ExtensibilityGlobals) = postSolution
		SolutionGuid = {4B1935C3-4648-4F2C-A591-B7B7005D6DAC}
	EndGlobalSection
EndGlobal
